
Microsoft Visual Studio Solution File, Format Version 12.00
# Visual Studio Version 17
VisualStudioVersion = 17.2.32616.157
MinimumVisualStudioVersion = 10.0.40219.1
Project("{9A19103F-16F7-4668-BE54-9A1E7A4F7556}") = "Square", "Square\Square.csproj", "{FCA3F044-CC54-4795-B1A8-CB4AC355C72A}"
EndProject
Project("{2150E333-8FDC-42A3-9474-1A3956D46DE8}") = "Tests", "Tests", "{7ECBECBA-A9CF-4A14-A3A3-9C4FD7358951}"
EndProject
Project("{FAE04EC0-301F-11D3-BF4B-00C04F79EFBC}") = "LibraryTest", "LibraryTest\LibraryTest.csproj", "{201A6105-2C1A-413F-9DFC-A6F70B581E8C}"
EndProject
Global
	GlobalSection(SolutionConfigurationPlatforms) = preSolution
		Debug|Any CPU = Debug|Any CPU
		Release|Any CPU = Release|Any CPU
	EndGlobalSection
	GlobalSection(ProjectConfigurationPlatforms) = postSolution
		{FCA3F044-CC54-4795-B1A8-CB4AC355C72A}.Debug|Any CPU.ActiveCfg = Debug|Any CPU
		{FCA3F044-CC54-4795-B1A8-CB4AC355C72A}.Debug|Any CPU.Build.0 = Debug|Any CPU
		{FCA3F044-CC54-4795-B1A8-CB4AC355C72A}.Release|Any CPU.ActiveCfg = Release|Any CPU
		{FCA3F044-CC54-4795-B1A8-CB4AC355C72A}.Release|Any CPU.Build.0 = Release|Any CPU
		{201A6105-2C1A-413F-9DFC-A6F70B581E8C}.Debug|Any CPU.ActiveCfg = Debug|Any CPU
		{201A6105-2C1A-413F-9DFC-A6F70B581E8C}.Debug|Any CPU.Build.0 = Debug|Any CPU
		{201A6105-2C1A-413F-9DFC-A6F70B581E8C}.Release|Any CPU.ActiveCfg = Release|Any CPU
		{201A6105-2C1A-413F-9DFC-A6F70B581E8C}.Release|Any CPU.Build.0 = Release|Any CPU
	EndGlobalSection
	GlobalSection(SolutionProperties) = preSolution
		HideSolutionNode = FALSE
	EndGlobalSection
	GlobalSection(NestedProjects) = preSolution
		{201A6105-2C1A-413F-9DFC-A6F70B581E8C} = {7ECBECBA-A9CF-4A14-A3A3-9C4FD7358951}
	EndGlobalSection
	GlobalSection(ExtensibilityGlobals) = postSolution
		SolutionGuid = {1932C672-E639-425D-933C-9C82B6DECDD1}
	EndGlobalSection
EndGlobal
